
Microsoft Visual Studio Solution File, Format Version 12.00
# Visual Studio Version 17
VisualStudioVersion = 17.5.33530.505
MinimumVisualStudioVersion = 10.0.40219.1
Project("{9A19103F-16F7-4668-BE54-9A1E7A4F7556}") = "ServiceHost", "ServiceHost\ServiceHost.csproj", "{CC2BE90C-852E-4075-9DF9-1BF7755BF987}"
EndProject
Project("{2150E333-8FDC-42A3-9474-1A3956D46DE8}") = "Domain", "Domain", "{09CC9F07-52A0-49DF-9475-46804956C3C1}"
EndProject
Project("{2150E333-8FDC-42A3-9474-1A3956D46DE8}") = "Application", "Application", "{EB8780B7-8FFF-4AB8-AB36-9EE5F1459DDB}"
EndProject
Project("{2150E333-8FDC-42A3-9474-1A3956D46DE8}") = "Infrastructure", "Infrastructure", "{F6738DDE-9A25-4ED4-B87E-FD6C5423201F}"
EndProject
Project("{2150E333-8FDC-42A3-9474-1A3956D46DE8}") = "Presentation", "Presentation", "{5C9A167E-B98D-40ED-A29B-4624FDFE144B}"
EndProject
Project("{9A19103F-16F7-4668-BE54-9A1E7A4F7556}") = "AM.Domain", "AM.Domain\AM.Domain.csproj", "{ECD18489-7568-4C92-B6F8-BF95A0A9ED85}"
EndProject
Project("{9A19103F-16F7-4668-BE54-9A1E7A4F7556}") = "AM.Application.Contract", "AM.Application.Contract\AM.Application.Contract.csproj", "{39D95AF5-23DB-4869-82DD-35411899BADB}"
EndProject
Project("{9A19103F-16F7-4668-BE54-9A1E7A4F7556}") = "AM.Application", "AM.Application\AM.Application.csproj", "{41E094F6-9446-4771-988F-4DFC821D7A28}"
EndProject
Project("{9A19103F-16F7-4668-BE54-9A1E7A4F7556}") = "AM.Infrastructure.Config", "AM.Infrastructure.Config\AM.Infrastructure.Config.csproj", "{03B3CE88-5C75-4302-AF02-22AE084241C5}"
EndProject
Project("{9A19103F-16F7-4668-BE54-9A1E7A4F7556}") = "AM.Infrastructure.Persist", "AM.Infrastructure.Persist\AM.Infrastructure.Persist.csproj", "{678341DE-B0D4-4F33-A9BF-80031BAD2CFD}"
EndProject
Project("{9A19103F-16F7-4668-BE54-9A1E7A4F7556}") = "AM.Presentation.Api", "AM.Presentation.Api\AM.Presentation.Api.csproj", "{F2BF7509-52E2-490B-8D1A-4433BE849476}"
EndProject
Project("{9A19103F-16F7-4668-BE54-9A1E7A4F7556}") = "AM.Infrastructure.Query.Contract", "AM.Infrastructure.Query.Contract\AM.Infrastructure.Query.Contract.csproj", "{C8C58FD6-6000-4DED-841B-A47283F15880}"
EndProject
Project("{9A19103F-16F7-4668-BE54-9A1E7A4F7556}") = "AM.Presentation.Facade.Contract", "AM.Presentation.Facade.Contract\AM.Presentation.Facade.Contract.csproj", "{9CD7D31B-F58C-4107-B283-E3C814ACD6FF}"
EndProject
Project("{9A19103F-16F7-4668-BE54-9A1E7A4F7556}") = "AM.Presentation.Facade.Command", "AM.Presentation.Facade.Command\AM.Presentation.Facade.Command.csproj", "{C15D2868-B7B4-44CF-A1E7-1AC1515A56FC}"
EndProject
Project("{9A19103F-16F7-4668-BE54-9A1E7A4F7556}") = "AM.Presentation.Facade.Query", "AM.Presentation.Facade.Query\AM.Presentation.Facade.Query.csproj", "{2C9562F8-6BA6-4ADB-A1BA-4DE8F693A9FF}"
EndProject
Project("{9A19103F-16F7-4668-BE54-9A1E7A4F7556}") = "AM.Infrastructure.Query", "AM.Infrastructure.Query\AM.Infrastructure.Query.csproj", "{6A58B736-710E-4350-A538-0F2F1BCA5EE5}"
EndProject
Project("{9A19103F-16F7-4668-BE54-9A1E7A4F7556}") = "AM.Infrastructure.Report.Contract", "AM.Infrastructure.Report.Contract\AM.Infrastructure.Report.Contract.csproj", "{9B394EAD-D299-4233-BE80-5AF1BF293321}"
EndProject
Project("{9A19103F-16F7-4668-BE54-9A1E7A4F7556}") = "AM.Infrastructure.Report", "AM.Infrastructure.Report\AM.Infrastructure.Report.csproj", "{ABB93CAD-CAE6-4D00-9B37-666980531251}"
EndProject
Global
	GlobalSection(SolutionConfigurationPlatforms) = preSolution
		Debug|Any CPU = Debug|Any CPU
		Release|Any CPU = Release|Any CPU
	EndGlobalSection
	GlobalSection(ProjectConfigurationPlatforms) = postSolution
		{CC2BE90C-852E-4075-9DF9-1BF7755BF987}.Debug|Any CPU.ActiveCfg = Debug|Any CPU
		{CC2BE90C-852E-4075-9DF9-1BF7755BF987}.Debug|Any CPU.Build.0 = Debug|Any CPU
		{CC2BE90C-852E-4075-9DF9-1BF7755BF987}.Release|Any CPU.ActiveCfg = Release|Any CPU
		{CC2BE90C-852E-4075-9DF9-1BF7755BF987}.Release|Any CPU.Build.0 = Release|Any CPU
		{ECD18489-7568-4C92-B6F8-BF95A0A9ED85}.Debug|Any CPU.ActiveCfg = Debug|Any CPU
		{ECD18489-7568-4C92-B6F8-BF95A0A9ED85}.Debug|Any CPU.Build.0 = Debug|Any CPU
		{ECD18489-7568-4C92-B6F8-BF95A0A9ED85}.Release|Any CPU.ActiveCfg = Release|Any CPU
		{ECD18489-7568-4C92-B6F8-BF95A0A9ED85}.Release|Any CPU.Build.0 = Release|Any CPU
		{39D95AF5-23DB-4869-82DD-35411899BADB}.Debug|Any CPU.ActiveCfg = Debug|Any CPU
		{39D95AF5-23DB-4869-82DD-35411899BADB}.Debug|Any CPU.Build.0 = Debug|Any CPU
		{39D95AF5-23DB-4869-82DD-35411899BADB}.Release|Any CPU.ActiveCfg = Release|Any CPU
		{39D95AF5-23DB-4869-82DD-35411899BADB}.Release|Any CPU.Build.0 = Release|Any CPU
		{41E094F6-9446-4771-988F-4DFC821D7A28}.Debug|Any CPU.ActiveCfg = Debug|Any CPU
		{41E094F6-9446-4771-988F-4DFC821D7A28}.Debug|Any CPU.Build.0 = Debug|Any CPU
		{41E094F6-9446-4771-988F-4DFC821D7A28}.Release|Any CPU.ActiveCfg = Release|Any CPU
		{41E094F6-9446-4771-988F-4DFC821D7A28}.Release|Any CPU.Build.0 = Release|Any CPU
		{03B3CE88-5C75-4302-AF02-22AE084241C5}.Debug|Any CPU.ActiveCfg = Debug|Any CPU
		{03B3CE88-5C75-4302-AF02-22AE084241C5}.Debug|Any CPU.Build.0 = Debug|Any CPU
		{03B3CE88-5C75-4302-AF02-22AE084241C5}.Release|Any CPU.ActiveCfg = Release|Any CPU
		{03B3CE88-5C75-4302-AF02-22AE084241C5}.Release|Any CPU.Build.0 = Release|Any CPU
		{678341DE-B0D4-4F33-A9BF-80031BAD2CFD}.Debug|Any CPU.ActiveCfg = Debug|Any CPU
		{678341DE-B0D4-4F33-A9BF-80031BAD2CFD}.Debug|Any CPU.Build.0 = Debug|Any CPU
		{678341DE-B0D4-4F33-A9BF-80031BAD2CFD}.Release|Any CPU.ActiveCfg = Release|Any CPU
		{678341DE-B0D4-4F33-A9BF-80031BAD2CFD}.Release|Any CPU.Build.0 = Release|Any CPU
		{F2BF7509-52E2-490B-8D1A-4433BE849476}.Debug|Any CPU.ActiveCfg = Debug|Any CPU
		{F2BF7509-52E2-490B-8D1A-4433BE849476}.Debug|Any CPU.Build.0 = Debug|Any CPU
		{F2BF7509-52E2-490B-8D1A-4433BE849476}.Release|Any CPU.ActiveCfg = Release|Any CPU
		{F2BF7509-52E2-490B-8D1A-4433BE849476}.Release|Any CPU.Build.0 = Release|Any CPU
		{C8C58FD6-6000-4DED-841B-A47283F15880}.Debug|Any CPU.ActiveCfg = Debug|Any CPU
		{C8C58FD6-6000-4DED-841B-A47283F15880}.Debug|Any CPU.Build.0 = Debug|Any CPU
		{C8C58FD6-6000-4DED-841B-A47283F15880}.Release|Any CPU.ActiveCfg = Release|Any CPU
		{C8C58FD6-6000-4DED-841B-A47283F15880}.Release|Any CPU.Build.0 = Release|Any CPU
		{9CD7D31B-F58C-4107-B283-E3C814ACD6FF}.Debug|Any CPU.ActiveCfg = Debug|Any CPU
		{9CD7D31B-F58C-4107-B283-E3C814ACD6FF}.Debug|Any CPU.Build.0 = Debug|Any CPU
		{9CD7D31B-F58C-4107-B283-E3C814ACD6FF}.Release|Any CPU.ActiveCfg = Release|Any CPU
		{9CD7D31B-F58C-4107-B283-E3C814ACD6FF}.Release|Any CPU.Build.0 = Release|Any CPU
		{C15D2868-B7B4-44CF-A1E7-1AC1515A56FC}.Debug|Any CPU.ActiveCfg = Debug|Any CPU
		{C15D2868-B7B4-44CF-A1E7-1AC1515A56FC}.Debug|Any CPU.Build.0 = Debug|Any CPU
		{C15D2868-B7B4-44CF-A1E7-1AC1515A56FC}.Release|Any CPU.ActiveCfg = Release|Any CPU
		{C15D2868-B7B4-44CF-A1E7-1AC1515A56FC}.Release|Any CPU.Build.0 = Release|Any CPU
		{2C9562F8-6BA6-4ADB-A1BA-4DE8F693A9FF}.Debug|Any CPU.ActiveCfg = Debug|Any CPU
		{2C9562F8-6BA6-4ADB-A1BA-4DE8F693A9FF}.Debug|Any CPU.Build.0 = Debug|Any CPU
		{2C9562F8-6BA6-4ADB-A1BA-4DE8F693A9FF}.Release|Any CPU.ActiveCfg = Release|Any CPU
		{2C9562F8-6BA6-4ADB-A1BA-4DE8F693A9FF}.Release|Any CPU.Build.0 = Release|Any CPU
		{6A58B736-710E-4350-A538-0F2F1BCA5EE5}.Debug|Any CPU.ActiveCfg = Debug|Any CPU
		{6A58B736-710E-4350-A538-0F2F1BCA5EE5}.Debug|Any CPU.Build.0 = Debug|Any CPU
		{6A58B736-710E-4350-A538-0F2F1BCA5EE5}.Release|Any CPU.ActiveCfg = Release|Any CPU
		{6A58B736-710E-4350-A538-0F2F1BCA5EE5}.Release|Any CPU.Build.0 = Release|Any CPU
		{9B394EAD-D299-4233-BE80-5AF1BF293321}.Debug|Any CPU.ActiveCfg = Debug|Any CPU
		{9B394EAD-D299-4233-BE80-5AF1BF293321}.Debug|Any CPU.Build.0 = Debug|Any CPU
		{9B394EAD-D299-4233-BE80-5AF1BF293321}.Release|Any CPU.ActiveCfg = Release|Any CPU
		{9B394EAD-D299-4233-BE80-5AF1BF293321}.Release|Any CPU.Build.0 = Release|Any CPU
		{ABB93CAD-CAE6-4D00-9B37-666980531251}.Debug|Any CPU.ActiveCfg = Debug|Any CPU
		{ABB93CAD-CAE6-4D00-9B37-666980531251}.Debug|Any CPU.Build.0 = Debug|Any CPU
		{ABB93CAD-CAE6-4D00-9B37-666980531251}.Release|Any CPU.ActiveCfg = Release|Any CPU
		{ABB93CAD-CAE6-4D00-9B37-666980531251}.Release|Any CPU.Build.0 = Release|Any CPU
	EndGlobalSection
	GlobalSection(SolutionProperties) = preSolution
		HideSolutionNode = FALSE
	EndGlobalSection
	GlobalSection(NestedProjects) = preSolution
		{CC2BE90C-852E-4075-9DF9-1BF7755BF987} = {5C9A167E-B98D-40ED-A29B-4624FDFE144B}
		{ECD18489-7568-4C92-B6F8-BF95A0A9ED85} = {09CC9F07-52A0-49DF-9475-46804956C3C1}
		{39D95AF5-23DB-4869-82DD-35411899BADB} = {EB8780B7-8FFF-4AB8-AB36-9EE5F1459DDB}
		{41E094F6-9446-4771-988F-4DFC821D7A28} = {EB8780B7-8FFF-4AB8-AB36-9EE5F1459DDB}
		{03B3CE88-5C75-4302-AF02-22AE084241C5} = {F6738DDE-9A25-4ED4-B87E-FD6C5423201F}
		{678341DE-B0D4-4F33-A9BF-80031BAD2CFD} = {F6738DDE-9A25-4ED4-B87E-FD6C5423201F}
		{F2BF7509-52E2-490B-8D1A-4433BE849476} = {5C9A167E-B98D-40ED-A29B-4624FDFE144B}
		{C8C58FD6-6000-4DED-841B-A47283F15880} = {F6738DDE-9A25-4ED4-B87E-FD6C5423201F}
		{9CD7D31B-F58C-4107-B283-E3C814ACD6FF} = {5C9A167E-B98D-40ED-A29B-4624FDFE144B}
		{C15D2868-B7B4-44CF-A1E7-1AC1515A56FC} = {5C9A167E-B98D-40ED-A29B-4624FDFE144B}
		{2C9562F8-6BA6-4ADB-A1BA-4DE8F693A9FF} = {5C9A167E-B98D-40ED-A29B-4624FDFE144B}
		{6A58B736-710E-4350-A538-0F2F1BCA5EE5} = {F6738DDE-9A25-4ED4-B87E-FD6C5423201F}
		{9B394EAD-D299-4233-BE80-5AF1BF293321} = {F6738DDE-9A25-4ED4-B87E-FD6C5423201F}
		{ABB93CAD-CAE6-4D00-9B37-666980531251} = {F6738DDE-9A25-4ED4-B87E-FD6C5423201F}
	EndGlobalSection
	GlobalSection(ExtensibilityGlobals) = postSolution
		SolutionGuid = {01368F90-559E-4D8C-85F2-14E240AF3859}
	EndGlobalSection
EndGlobal
