
Microsoft Visual Studio Solution File, Format Version 12.00
# Visual Studio Version 17
VisualStudioVersion = 17.5.33530.505
MinimumVisualStudioVersion = 10.0.40219.1
Project("{9A19103F-16F7-4668-BE54-9A1E7A4F7556}") = "UserManagement.Acl", "UserManagement.Acl\UserManagement.Acl.csproj", "{CDF32C49-ECC2-4D00-8571-D661C59C2FDC}"
EndProject
Project("{9A19103F-16F7-4668-BE54-9A1E7A4F7556}") = "UserManagement.Application", "UserManagement.Application\UserManagement.Application.csproj", "{627EDA52-A985-47D1-B566-886DF877C49B}"
EndProject
Project("{9A19103F-16F7-4668-BE54-9A1E7A4F7556}") = "UserManagement.Application.Contracts", "UserManagement.Application.Contracts\UserManagement.Application.Contracts.csproj", "{1AF53E25-E6CF-4547-A573-FD8C21D32337}"
EndProject
Project("{9A19103F-16F7-4668-BE54-9A1E7A4F7556}") = "UserManagement.Domain", "UserManagement.Domain\UserManagement.Domain.csproj", "{7782AD47-4F2A-45EF-AB57-7243164EF939}"
EndProject
Project("{9A19103F-16F7-4668-BE54-9A1E7A4F7556}") = "UserManagement.Infrastructure.Config", "UserManagement.Infrastructure.Config\UserManagement.Infrastructure.Config.csproj", "{F8FC8CDD-5B98-42C4-8D9D-33808608020B}"
EndProject
Project("{9A19103F-16F7-4668-BE54-9A1E7A4F7556}") = "UserManagement.Persistence", "UserManagement.Persistence\UserManagement.Persistence.csproj", "{1936E256-BE1E-4C26-A16B-09BC75B4E21A}"
EndProject
Project("{9A19103F-16F7-4668-BE54-9A1E7A4F7556}") = "UserManagement.Query", "UserManagement.Query\UserManagement.Query.csproj", "{1C4A412B-DECA-4B17-8D7A-4F75EB481779}"
EndProject
Project("{9A19103F-16F7-4668-BE54-9A1E7A4F7556}") = "UserManagement.Query.Contracts", "UserManagement.Query.Contracts\UserManagement.Query.Contracts.csproj", "{C7127E16-CDCB-4A5C-B166-ABBAC1C09701}"
EndProject
Project("{2150E333-8FDC-42A3-9474-1A3956D46DE8}") = "UserManagement", "UserManagement", "{3689A808-D1DB-4839-BBB5-F6F729F0AC01}"
EndProject
Project("{9A19103F-16F7-4668-BE54-9A1E7A4F7556}") = "ServiceHost", "ServiceHost\ServiceHost.csproj", "{CC2BE90C-852E-4075-9DF9-1BF7755BF987}"
EndProject
Project("{2150E333-8FDC-42A3-9474-1A3956D46DE8}") = "ExampleManagement", "ExampleManagement", "{2CC00717-64E5-49F1-9571-88EADE3E2854}"
EndProject
Project("{2150E333-8FDC-42A3-9474-1A3956D46DE8}") = "Domain", "Domain", "{09CC9F07-52A0-49DF-9475-46804956C3C1}"
EndProject
Project("{2150E333-8FDC-42A3-9474-1A3956D46DE8}") = "Application", "Application", "{EB8780B7-8FFF-4AB8-AB36-9EE5F1459DDB}"
EndProject
Project("{2150E333-8FDC-42A3-9474-1A3956D46DE8}") = "Infrastructure", "Infrastructure", "{F6738DDE-9A25-4ED4-B87E-FD6C5423201F}"
EndProject
Project("{2150E333-8FDC-42A3-9474-1A3956D46DE8}") = "Presentation", "Presentation", "{5C9A167E-B98D-40ED-A29B-4624FDFE144B}"
EndProject
Project("{9A19103F-16F7-4668-BE54-9A1E7A4F7556}") = "Lab.Domain", "Lab.Domain\Lab.Domain.csproj", "{ECD18489-7568-4C92-B6F8-BF95A0A9ED85}"
EndProject
Project("{9A19103F-16F7-4668-BE54-9A1E7A4F7556}") = "Lab.Application.Contract", "Lab.Application.Contract\Lab.Application.Contract.csproj", "{39D95AF5-23DB-4869-82DD-35411899BADB}"
EndProject
Project("{9A19103F-16F7-4668-BE54-9A1E7A4F7556}") = "Lab.Application", "Lab.Application\Lab.Application.csproj", "{41E094F6-9446-4771-988F-4DFC821D7A28}"
EndProject
Project("{9A19103F-16F7-4668-BE54-9A1E7A4F7556}") = "Lab.Infrastructure.Config", "Lab.Infrastructure.Config\Lab.Infrastructure.Config.csproj", "{03B3CE88-5C75-4302-AF02-22AE084241C5}"
EndProject
Project("{9A19103F-16F7-4668-BE54-9A1E7A4F7556}") = "Lab.Infrastructure.Persist", "Lab.Infrastructure.Persist\Lab.Infrastructure.Persist.csproj", "{678341DE-B0D4-4F33-A9BF-80031BAD2CFD}"
EndProject
Project("{9A19103F-16F7-4668-BE54-9A1E7A4F7556}") = "Lab.Presentation.Api", "Lab.Presentation.Api\Lab.Presentation.Api.csproj", "{F2BF7509-52E2-490B-8D1A-4433BE849476}"
EndProject
Project("{9A19103F-16F7-4668-BE54-9A1E7A4F7556}") = "Lab.Infrastructure.Query.Contract", "Lab.Infrastructure.Query.Contract\Lab.Infrastructure.Query.Contract.csproj", "{C8C58FD6-6000-4DED-841B-A47283F15880}"
EndProject
Project("{9A19103F-16F7-4668-BE54-9A1E7A4F7556}") = "Lab.Presentation.Facade.Contract", "Lab.Presentation.Facade.Contract\Lab.Presentation.Facade.Contract.csproj", "{9CD7D31B-F58C-4107-B283-E3C814ACD6FF}"
EndProject
Project("{9A19103F-16F7-4668-BE54-9A1E7A4F7556}") = "Lab.Presentation.Facade.Command", "Lab.Presentation.Facade.Command\Lab.Presentation.Facade.Command.csproj", "{C15D2868-B7B4-44CF-A1E7-1AC1515A56FC}"
EndProject
Project("{9A19103F-16F7-4668-BE54-9A1E7A4F7556}") = "Lab.Presentation.Facade.Query", "Lab.Presentation.Facade.Query\Lab.Presentation.Facade.Query.csproj", "{2C9562F8-6BA6-4ADB-A1BA-4DE8F693A9FF}"
EndProject
Project("{9A19103F-16F7-4668-BE54-9A1E7A4F7556}") = "Lab.Infrastructure.Query", "Lab.Infrastructure.Query\Lab.Infrastructure.Query.csproj", "{6A58B736-710E-4350-A538-0F2F1BCA5EE5}"
EndProject
Project("{9A19103F-16F7-4668-BE54-9A1E7A4F7556}") = "Phoenix.SSO", "Phoenix.SSO\Phoenix.SSO.csproj", "{1D691127-3910-4B71-B9DE-7DDEB5AE87B0}"
EndProject
Project("{2150E333-8FDC-42A3-9474-1A3956D46DE8}") = "Presentation", "Presentation", "{2702BB66-CAE5-4ED0-A438-16C8990E34E7}"
EndProject
Project("{9A19103F-16F7-4668-BE54-9A1E7A4F7556}") = "Um.Presentation.Facade.Contract", "Um.Presentation.Facade.Contract\Um.Presentation.Facade.Contract.csproj", "{28CD203F-EB2B-4590-AC82-231299D623F6}"
EndProject
Project("{9A19103F-16F7-4668-BE54-9A1E7A4F7556}") = "Um.Presentation.Facade.Command", "Um.Presentation.Facade.Command\Um.Presentation.Facade.Command.csproj", "{77588760-1AA5-4B91-8001-1C3AD0F62209}"
EndProject
Project("{9A19103F-16F7-4668-BE54-9A1E7A4F7556}") = "Um.Presentation.Facade.Query", "Um.Presentation.Facade.Query\Um.Presentation.Facade.Query.csproj", "{C9C886F0-C8AD-4872-A5F0-F89B8F4514A1}"
EndProject
Project("{9A19103F-16F7-4668-BE54-9A1E7A4F7556}") = "Um.Presentation.RestApi", "Um.Presentation.RestApi\Um.Presentation.RestApi.csproj", "{377605F7-FB0F-44BF-99DD-1A791677DF6E}"
EndProject
Project("{2150E333-8FDC-42A3-9474-1A3956D46DE8}") = "Domain", "Domain", "{BDC3F695-93EA-4AA8-B828-CBC40316EF79}"
EndProject
Project("{2150E333-8FDC-42A3-9474-1A3956D46DE8}") = "Application", "Application", "{5BE44583-D48A-483F-AA29-DA11297BD998}"
EndProject
Project("{2150E333-8FDC-42A3-9474-1A3956D46DE8}") = "Infrastructure", "Infrastructure", "{8F697B3D-2684-4264-A11F-E6ED07FD04B6}"
EndProject
Project("{9A19103F-16F7-4668-BE54-9A1E7A4F7556}") = "Lab.Infrastructure.Report.Contract", "Lab.Infrastructure.Report.Contract\Lab.Infrastructure.Report.Contract.csproj", "{9B394EAD-D299-4233-BE80-5AF1BF293321}"
EndProject
Project("{9A19103F-16F7-4668-BE54-9A1E7A4F7556}") = "Lab.Infrastructure.Report", "Lab.Infrastructure.Report\Lab.Infrastructure.Report.csproj", "{ABB93CAD-CAE6-4D00-9B37-666980531251}"
EndProject
Global
	GlobalSection(SolutionConfigurationPlatforms) = preSolution
		Debug|Any CPU = Debug|Any CPU
		Release|Any CPU = Release|Any CPU
	EndGlobalSection
	GlobalSection(ProjectConfigurationPlatforms) = postSolution
		{CDF32C49-ECC2-4D00-8571-D661C59C2FDC}.Debug|Any CPU.ActiveCfg = Debug|Any CPU
		{CDF32C49-ECC2-4D00-8571-D661C59C2FDC}.Debug|Any CPU.Build.0 = Debug|Any CPU
		{CDF32C49-ECC2-4D00-8571-D661C59C2FDC}.Release|Any CPU.ActiveCfg = Release|Any CPU
		{CDF32C49-ECC2-4D00-8571-D661C59C2FDC}.Release|Any CPU.Build.0 = Release|Any CPU
		{627EDA52-A985-47D1-B566-886DF877C49B}.Debug|Any CPU.ActiveCfg = Debug|Any CPU
		{627EDA52-A985-47D1-B566-886DF877C49B}.Debug|Any CPU.Build.0 = Debug|Any CPU
		{627EDA52-A985-47D1-B566-886DF877C49B}.Release|Any CPU.ActiveCfg = Release|Any CPU
		{627EDA52-A985-47D1-B566-886DF877C49B}.Release|Any CPU.Build.0 = Release|Any CPU
		{1AF53E25-E6CF-4547-A573-FD8C21D32337}.Debug|Any CPU.ActiveCfg = Debug|Any CPU
		{1AF53E25-E6CF-4547-A573-FD8C21D32337}.Debug|Any CPU.Build.0 = Debug|Any CPU
		{1AF53E25-E6CF-4547-A573-FD8C21D32337}.Release|Any CPU.ActiveCfg = Release|Any CPU
		{1AF53E25-E6CF-4547-A573-FD8C21D32337}.Release|Any CPU.Build.0 = Release|Any CPU
		{7782AD47-4F2A-45EF-AB57-7243164EF939}.Debug|Any CPU.ActiveCfg = Debug|Any CPU
		{7782AD47-4F2A-45EF-AB57-7243164EF939}.Debug|Any CPU.Build.0 = Debug|Any CPU
		{7782AD47-4F2A-45EF-AB57-7243164EF939}.Release|Any CPU.ActiveCfg = Release|Any CPU
		{7782AD47-4F2A-45EF-AB57-7243164EF939}.Release|Any CPU.Build.0 = Release|Any CPU
		{F8FC8CDD-5B98-42C4-8D9D-33808608020B}.Debug|Any CPU.ActiveCfg = Debug|Any CPU
		{F8FC8CDD-5B98-42C4-8D9D-33808608020B}.Debug|Any CPU.Build.0 = Debug|Any CPU
		{F8FC8CDD-5B98-42C4-8D9D-33808608020B}.Release|Any CPU.ActiveCfg = Release|Any CPU
		{F8FC8CDD-5B98-42C4-8D9D-33808608020B}.Release|Any CPU.Build.0 = Release|Any CPU
		{1936E256-BE1E-4C26-A16B-09BC75B4E21A}.Debug|Any CPU.ActiveCfg = Debug|Any CPU
		{1936E256-BE1E-4C26-A16B-09BC75B4E21A}.Debug|Any CPU.Build.0 = Debug|Any CPU
		{1936E256-BE1E-4C26-A16B-09BC75B4E21A}.Release|Any CPU.ActiveCfg = Release|Any CPU
		{1936E256-BE1E-4C26-A16B-09BC75B4E21A}.Release|Any CPU.Build.0 = Release|Any CPU
		{1C4A412B-DECA-4B17-8D7A-4F75EB481779}.Debug|Any CPU.ActiveCfg = Debug|Any CPU
		{1C4A412B-DECA-4B17-8D7A-4F75EB481779}.Debug|Any CPU.Build.0 = Debug|Any CPU
		{1C4A412B-DECA-4B17-8D7A-4F75EB481779}.Release|Any CPU.ActiveCfg = Release|Any CPU
		{1C4A412B-DECA-4B17-8D7A-4F75EB481779}.Release|Any CPU.Build.0 = Release|Any CPU
		{C7127E16-CDCB-4A5C-B166-ABBAC1C09701}.Debug|Any CPU.ActiveCfg = Debug|Any CPU
		{C7127E16-CDCB-4A5C-B166-ABBAC1C09701}.Debug|Any CPU.Build.0 = Debug|Any CPU
		{C7127E16-CDCB-4A5C-B166-ABBAC1C09701}.Release|Any CPU.ActiveCfg = Release|Any CPU
		{C7127E16-CDCB-4A5C-B166-ABBAC1C09701}.Release|Any CPU.Build.0 = Release|Any CPU
		{CC2BE90C-852E-4075-9DF9-1BF7755BF987}.Debug|Any CPU.ActiveCfg = Debug|Any CPU
		{CC2BE90C-852E-4075-9DF9-1BF7755BF987}.Debug|Any CPU.Build.0 = Debug|Any CPU
		{CC2BE90C-852E-4075-9DF9-1BF7755BF987}.Release|Any CPU.ActiveCfg = Release|Any CPU
		{CC2BE90C-852E-4075-9DF9-1BF7755BF987}.Release|Any CPU.Build.0 = Release|Any CPU
		{ECD18489-7568-4C92-B6F8-BF95A0A9ED85}.Debug|Any CPU.ActiveCfg = Debug|Any CPU
		{ECD18489-7568-4C92-B6F8-BF95A0A9ED85}.Debug|Any CPU.Build.0 = Debug|Any CPU
		{ECD18489-7568-4C92-B6F8-BF95A0A9ED85}.Release|Any CPU.ActiveCfg = Release|Any CPU
		{ECD18489-7568-4C92-B6F8-BF95A0A9ED85}.Release|Any CPU.Build.0 = Release|Any CPU
		{39D95AF5-23DB-4869-82DD-35411899BADB}.Debug|Any CPU.ActiveCfg = Debug|Any CPU
		{39D95AF5-23DB-4869-82DD-35411899BADB}.Debug|Any CPU.Build.0 = Debug|Any CPU
		{39D95AF5-23DB-4869-82DD-35411899BADB}.Release|Any CPU.ActiveCfg = Release|Any CPU
		{39D95AF5-23DB-4869-82DD-35411899BADB}.Release|Any CPU.Build.0 = Release|Any CPU
		{41E094F6-9446-4771-988F-4DFC821D7A28}.Debug|Any CPU.ActiveCfg = Debug|Any CPU
		{41E094F6-9446-4771-988F-4DFC821D7A28}.Debug|Any CPU.Build.0 = Debug|Any CPU
		{41E094F6-9446-4771-988F-4DFC821D7A28}.Release|Any CPU.ActiveCfg = Release|Any CPU
		{41E094F6-9446-4771-988F-4DFC821D7A28}.Release|Any CPU.Build.0 = Release|Any CPU
		{03B3CE88-5C75-4302-AF02-22AE084241C5}.Debug|Any CPU.ActiveCfg = Debug|Any CPU
		{03B3CE88-5C75-4302-AF02-22AE084241C5}.Debug|Any CPU.Build.0 = Debug|Any CPU
		{03B3CE88-5C75-4302-AF02-22AE084241C5}.Release|Any CPU.ActiveCfg = Release|Any CPU
		{03B3CE88-5C75-4302-AF02-22AE084241C5}.Release|Any CPU.Build.0 = Release|Any CPU
		{678341DE-B0D4-4F33-A9BF-80031BAD2CFD}.Debug|Any CPU.ActiveCfg = Debug|Any CPU
		{678341DE-B0D4-4F33-A9BF-80031BAD2CFD}.Debug|Any CPU.Build.0 = Debug|Any CPU
		{678341DE-B0D4-4F33-A9BF-80031BAD2CFD}.Release|Any CPU.ActiveCfg = Release|Any CPU
		{678341DE-B0D4-4F33-A9BF-80031BAD2CFD}.Release|Any CPU.Build.0 = Release|Any CPU
		{F2BF7509-52E2-490B-8D1A-4433BE849476}.Debug|Any CPU.ActiveCfg = Debug|Any CPU
		{F2BF7509-52E2-490B-8D1A-4433BE849476}.Debug|Any CPU.Build.0 = Debug|Any CPU
		{F2BF7509-52E2-490B-8D1A-4433BE849476}.Release|Any CPU.ActiveCfg = Release|Any CPU
		{F2BF7509-52E2-490B-8D1A-4433BE849476}.Release|Any CPU.Build.0 = Release|Any CPU
		{C8C58FD6-6000-4DED-841B-A47283F15880}.Debug|Any CPU.ActiveCfg = Debug|Any CPU
		{C8C58FD6-6000-4DED-841B-A47283F15880}.Debug|Any CPU.Build.0 = Debug|Any CPU
		{C8C58FD6-6000-4DED-841B-A47283F15880}.Release|Any CPU.ActiveCfg = Release|Any CPU
		{C8C58FD6-6000-4DED-841B-A47283F15880}.Release|Any CPU.Build.0 = Release|Any CPU
		{9CD7D31B-F58C-4107-B283-E3C814ACD6FF}.Debug|Any CPU.ActiveCfg = Debug|Any CPU
		{9CD7D31B-F58C-4107-B283-E3C814ACD6FF}.Debug|Any CPU.Build.0 = Debug|Any CPU
		{9CD7D31B-F58C-4107-B283-E3C814ACD6FF}.Release|Any CPU.ActiveCfg = Release|Any CPU
		{9CD7D31B-F58C-4107-B283-E3C814ACD6FF}.Release|Any CPU.Build.0 = Release|Any CPU
		{C15D2868-B7B4-44CF-A1E7-1AC1515A56FC}.Debug|Any CPU.ActiveCfg = Debug|Any CPU
		{C15D2868-B7B4-44CF-A1E7-1AC1515A56FC}.Debug|Any CPU.Build.0 = Debug|Any CPU
		{C15D2868-B7B4-44CF-A1E7-1AC1515A56FC}.Release|Any CPU.ActiveCfg = Release|Any CPU
		{C15D2868-B7B4-44CF-A1E7-1AC1515A56FC}.Release|Any CPU.Build.0 = Release|Any CPU
		{2C9562F8-6BA6-4ADB-A1BA-4DE8F693A9FF}.Debug|Any CPU.ActiveCfg = Debug|Any CPU
		{2C9562F8-6BA6-4ADB-A1BA-4DE8F693A9FF}.Debug|Any CPU.Build.0 = Debug|Any CPU
		{2C9562F8-6BA6-4ADB-A1BA-4DE8F693A9FF}.Release|Any CPU.ActiveCfg = Release|Any CPU
		{2C9562F8-6BA6-4ADB-A1BA-4DE8F693A9FF}.Release|Any CPU.Build.0 = Release|Any CPU
		{6A58B736-710E-4350-A538-0F2F1BCA5EE5}.Debug|Any CPU.ActiveCfg = Debug|Any CPU
		{6A58B736-710E-4350-A538-0F2F1BCA5EE5}.Debug|Any CPU.Build.0 = Debug|Any CPU
		{6A58B736-710E-4350-A538-0F2F1BCA5EE5}.Release|Any CPU.ActiveCfg = Release|Any CPU
		{6A58B736-710E-4350-A538-0F2F1BCA5EE5}.Release|Any CPU.Build.0 = Release|Any CPU
		{1D691127-3910-4B71-B9DE-7DDEB5AE87B0}.Debug|Any CPU.ActiveCfg = Debug|Any CPU
		{1D691127-3910-4B71-B9DE-7DDEB5AE87B0}.Debug|Any CPU.Build.0 = Debug|Any CPU
		{1D691127-3910-4B71-B9DE-7DDEB5AE87B0}.Release|Any CPU.ActiveCfg = Release|Any CPU
		{1D691127-3910-4B71-B9DE-7DDEB5AE87B0}.Release|Any CPU.Build.0 = Release|Any CPU
		{28CD203F-EB2B-4590-AC82-231299D623F6}.Debug|Any CPU.ActiveCfg = Debug|Any CPU
		{28CD203F-EB2B-4590-AC82-231299D623F6}.Debug|Any CPU.Build.0 = Debug|Any CPU
		{28CD203F-EB2B-4590-AC82-231299D623F6}.Release|Any CPU.ActiveCfg = Release|Any CPU
		{28CD203F-EB2B-4590-AC82-231299D623F6}.Release|Any CPU.Build.0 = Release|Any CPU
		{77588760-1AA5-4B91-8001-1C3AD0F62209}.Debug|Any CPU.ActiveCfg = Debug|Any CPU
		{77588760-1AA5-4B91-8001-1C3AD0F62209}.Debug|Any CPU.Build.0 = Debug|Any CPU
		{77588760-1AA5-4B91-8001-1C3AD0F62209}.Release|Any CPU.ActiveCfg = Release|Any CPU
		{77588760-1AA5-4B91-8001-1C3AD0F62209}.Release|Any CPU.Build.0 = Release|Any CPU
		{C9C886F0-C8AD-4872-A5F0-F89B8F4514A1}.Debug|Any CPU.ActiveCfg = Debug|Any CPU
		{C9C886F0-C8AD-4872-A5F0-F89B8F4514A1}.Debug|Any CPU.Build.0 = Debug|Any CPU
		{C9C886F0-C8AD-4872-A5F0-F89B8F4514A1}.Release|Any CPU.ActiveCfg = Release|Any CPU
		{C9C886F0-C8AD-4872-A5F0-F89B8F4514A1}.Release|Any CPU.Build.0 = Release|Any CPU
		{377605F7-FB0F-44BF-99DD-1A791677DF6E}.Debug|Any CPU.ActiveCfg = Debug|Any CPU
		{377605F7-FB0F-44BF-99DD-1A791677DF6E}.Debug|Any CPU.Build.0 = Debug|Any CPU
		{377605F7-FB0F-44BF-99DD-1A791677DF6E}.Release|Any CPU.ActiveCfg = Release|Any CPU
		{377605F7-FB0F-44BF-99DD-1A791677DF6E}.Release|Any CPU.Build.0 = Release|Any CPU
		{9B394EAD-D299-4233-BE80-5AF1BF293321}.Debug|Any CPU.ActiveCfg = Debug|Any CPU
		{9B394EAD-D299-4233-BE80-5AF1BF293321}.Debug|Any CPU.Build.0 = Debug|Any CPU
		{9B394EAD-D299-4233-BE80-5AF1BF293321}.Release|Any CPU.ActiveCfg = Release|Any CPU
		{9B394EAD-D299-4233-BE80-5AF1BF293321}.Release|Any CPU.Build.0 = Release|Any CPU
		{ABB93CAD-CAE6-4D00-9B37-666980531251}.Debug|Any CPU.ActiveCfg = Debug|Any CPU
		{ABB93CAD-CAE6-4D00-9B37-666980531251}.Debug|Any CPU.Build.0 = Debug|Any CPU
		{ABB93CAD-CAE6-4D00-9B37-666980531251}.Release|Any CPU.ActiveCfg = Release|Any CPU
		{ABB93CAD-CAE6-4D00-9B37-666980531251}.Release|Any CPU.Build.0 = Release|Any CPU
	EndGlobalSection
	GlobalSection(SolutionProperties) = preSolution
		HideSolutionNode = FALSE
	EndGlobalSection
	GlobalSection(NestedProjects) = preSolution
		{CDF32C49-ECC2-4D00-8571-D661C59C2FDC} = {8F697B3D-2684-4264-A11F-E6ED07FD04B6}
		{627EDA52-A985-47D1-B566-886DF877C49B} = {5BE44583-D48A-483F-AA29-DA11297BD998}
		{1AF53E25-E6CF-4547-A573-FD8C21D32337} = {5BE44583-D48A-483F-AA29-DA11297BD998}
		{7782AD47-4F2A-45EF-AB57-7243164EF939} = {BDC3F695-93EA-4AA8-B828-CBC40316EF79}
		{F8FC8CDD-5B98-42C4-8D9D-33808608020B} = {8F697B3D-2684-4264-A11F-E6ED07FD04B6}
		{1936E256-BE1E-4C26-A16B-09BC75B4E21A} = {8F697B3D-2684-4264-A11F-E6ED07FD04B6}
		{1C4A412B-DECA-4B17-8D7A-4F75EB481779} = {8F697B3D-2684-4264-A11F-E6ED07FD04B6}
		{C7127E16-CDCB-4A5C-B166-ABBAC1C09701} = {8F697B3D-2684-4264-A11F-E6ED07FD04B6}
		{CC2BE90C-852E-4075-9DF9-1BF7755BF987} = {5C9A167E-B98D-40ED-A29B-4624FDFE144B}
		{09CC9F07-52A0-49DF-9475-46804956C3C1} = {2CC00717-64E5-49F1-9571-88EADE3E2854}
		{EB8780B7-8FFF-4AB8-AB36-9EE5F1459DDB} = {2CC00717-64E5-49F1-9571-88EADE3E2854}
		{F6738DDE-9A25-4ED4-B87E-FD6C5423201F} = {2CC00717-64E5-49F1-9571-88EADE3E2854}
		{5C9A167E-B98D-40ED-A29B-4624FDFE144B} = {2CC00717-64E5-49F1-9571-88EADE3E2854}
		{ECD18489-7568-4C92-B6F8-BF95A0A9ED85} = {09CC9F07-52A0-49DF-9475-46804956C3C1}
		{39D95AF5-23DB-4869-82DD-35411899BADB} = {EB8780B7-8FFF-4AB8-AB36-9EE5F1459DDB}
		{41E094F6-9446-4771-988F-4DFC821D7A28} = {EB8780B7-8FFF-4AB8-AB36-9EE5F1459DDB}
		{03B3CE88-5C75-4302-AF02-22AE084241C5} = {F6738DDE-9A25-4ED4-B87E-FD6C5423201F}
		{678341DE-B0D4-4F33-A9BF-80031BAD2CFD} = {F6738DDE-9A25-4ED4-B87E-FD6C5423201F}
		{F2BF7509-52E2-490B-8D1A-4433BE849476} = {5C9A167E-B98D-40ED-A29B-4624FDFE144B}
		{C8C58FD6-6000-4DED-841B-A47283F15880} = {F6738DDE-9A25-4ED4-B87E-FD6C5423201F}
		{9CD7D31B-F58C-4107-B283-E3C814ACD6FF} = {5C9A167E-B98D-40ED-A29B-4624FDFE144B}
		{C15D2868-B7B4-44CF-A1E7-1AC1515A56FC} = {5C9A167E-B98D-40ED-A29B-4624FDFE144B}
		{2C9562F8-6BA6-4ADB-A1BA-4DE8F693A9FF} = {5C9A167E-B98D-40ED-A29B-4624FDFE144B}
		{6A58B736-710E-4350-A538-0F2F1BCA5EE5} = {F6738DDE-9A25-4ED4-B87E-FD6C5423201F}
		{2702BB66-CAE5-4ED0-A438-16C8990E34E7} = {3689A808-D1DB-4839-BBB5-F6F729F0AC01}
		{28CD203F-EB2B-4590-AC82-231299D623F6} = {2702BB66-CAE5-4ED0-A438-16C8990E34E7}
		{77588760-1AA5-4B91-8001-1C3AD0F62209} = {2702BB66-CAE5-4ED0-A438-16C8990E34E7}
		{C9C886F0-C8AD-4872-A5F0-F89B8F4514A1} = {2702BB66-CAE5-4ED0-A438-16C8990E34E7}
		{377605F7-FB0F-44BF-99DD-1A791677DF6E} = {2702BB66-CAE5-4ED0-A438-16C8990E34E7}
		{BDC3F695-93EA-4AA8-B828-CBC40316EF79} = {3689A808-D1DB-4839-BBB5-F6F729F0AC01}
		{5BE44583-D48A-483F-AA29-DA11297BD998} = {3689A808-D1DB-4839-BBB5-F6F729F0AC01}
		{8F697B3D-2684-4264-A11F-E6ED07FD04B6} = {3689A808-D1DB-4839-BBB5-F6F729F0AC01}
		{9B394EAD-D299-4233-BE80-5AF1BF293321} = {F6738DDE-9A25-4ED4-B87E-FD6C5423201F}
		{ABB93CAD-CAE6-4D00-9B37-666980531251} = {F6738DDE-9A25-4ED4-B87E-FD6C5423201F}
	EndGlobalSection
	GlobalSection(ExtensibilityGlobals) = postSolution
		SolutionGuid = {01368F90-559E-4D8C-85F2-14E240AF3859}
	EndGlobalSection
EndGlobal
